
Microsoft Visual Studio Solution File, Format Version 12.00
# Visual Studio Version 16
VisualStudioVersion = 16.0.30907.101
MinimumVisualStudioVersion = 10.0.40219.1
Project("{FAE04EC0-301F-11D3-BF4B-00C04F79EFBC}") = "ExercicioResolvidoPost", "ExercicioResolvidoPost\ExercicioResolvidoPost.csproj", "{9EC41CBF-524B-460A-8969-8B057A5A4235}"
EndProject
Global
	GlobalSection(SolutionConfigurationPlatforms) = preSolution
		Debug|Any CPU = Debug|Any CPU
		Release|Any CPU = Release|Any CPU
	EndGlobalSection
	GlobalSection(ProjectConfigurationPlatforms) = postSolution
		{9EC41CBF-524B-460A-8969-8B057A5A4235}.Debug|Any CPU.ActiveCfg = Debug|Any CPU
		{9EC41CBF-524B-460A-8969-8B057A5A4235}.Debug|Any CPU.Build.0 = Debug|Any CPU
		{9EC41CBF-524B-460A-8969-8B057A5A4235}.Release|Any CPU.ActiveCfg = Release|Any CPU
		{9EC41CBF-524B-460A-8969-8B057A5A4235}.Release|Any CPU.Build.0 = Release|Any CPU
	EndGlobalSection
	GlobalSection(SolutionProperties) = preSolution
		HideSolutionNode = FALSE
	EndGlobalSection
	GlobalSection(ExtensibilityGlobals) = postSolution
		SolutionGuid = {2708994E-A0BC-47EF-99F8-56C7FC58433F}
	EndGlobalSection
EndGlobal
